%{
  "amqp": {:hex, :amqp, "2.0.0", "0ef8a13987f2063a48b4f6aeb2c7503d8e1031b3ccf2ee0d3b9771249c562fab", [:mix], [{:amqp_client, "~> 3.8.0", [hex: :amqp_client, repo: "hexpm", optional: false]}], "hexpm", "7033e663ddb919b19482d9bd3d69d9042696f87f998a39cc5b4a2c79eccb39f7"},
  "amqp_client": {:hex, :amqp_client, "3.8.11", "faeb8e872f801b3e8ef5def1efd71ff755123a2417d1dcfd0ab0ff220a80279a", [:make, :rebar3], [{:rabbit_common, "3.8.11", [hex: :rabbit_common, repo: "hexpm", optional: false]}], "hexpm", "294c8a85e45da643d1e0abad2bfa86b175ec5b20bb55b6cb641f7e8f1c7dc32e"},
  "bunt": {:hex, :bunt, "0.2.0", "951c6e801e8b1d2cbe58ebbd3e616a869061ddadcc4863d0a2182541acae9a38", [:mix], [], "hexpm", "7af5c7e09fe1d40f76c8e4f9dd2be7cebd83909f31fee7cd0e9eadc567da8353"},
  "credentials_obfuscation": {:hex, :credentials_obfuscation, "2.3.0", "8631d941b25bc0a6681f635d3d26dd5365f935fcc2d328d64c77ea611b5dd932", [:rebar3], [], "hexpm", "9f8f05d0ad8a9d7417c30d6fb4b407f1de3d0b795ce68445da07d77837056d03"},
  "credo": {:hex, :credo, "1.0.3", "5278e8953f379b41ebe27c75c96d2e154ebc3f75dfe057c8b68c39133c25bb9f", [:mix], [{:bunt, "~> 0.2.0", [hex: :bunt, repo: "hexpm", optional: false]}, {:jason, "~> 1.0", [hex: :jason, repo: "hexpm", optional: false]}], "hexpm", "45af38647001ee7685738f6564728f9e1b4ab1cff07821f992856d601d65d747"},
  "decorator": {:hex, :decorator, "1.1.0", "3832dff8285a97f28e9c7923ef8d28c24495522ced97f9f1ba2e314fc8f65425", [:mix], []},
  "earmark": {:hex, :earmark, "1.2.6", "b6da42b3831458d3ecc57314dff3051b080b9b2be88c2e5aa41cd642a5b044ed", [:mix], [], "hexpm", "b42a23e9bd92d65d16db2f75553982e58519054095356a418bb8320bbacb58b1"},
  "ex_doc": {:hex, :ex_doc, "0.19.1", "519bb9c19526ca51d326c060cb1778d4a9056b190086a8c6c115828eaccea6cf", [:mix], [{:earmark, "~> 1.1", [hex: :earmark, repo: "hexpm", optional: false]}, {:makeup_elixir, "~> 0.7", [hex: :makeup_elixir, repo: "hexpm", optional: false]}], "hexpm", "dc87f778d8260da0189a622f62790f6202af72f2f3dee6e78d91a18dd2fcd137"},
  "goldrush": {:hex, :goldrush, "0.1.9", "f06e5d5f1277da5c413e84d5a2924174182fb108dabb39d5ec548b27424cd106", [:rebar3], [], "hexpm", "99cb4128cffcb3227581e5d4d803d5413fa643f4eb96523f77d9e6937d994ceb"},
  "gproc": {:hex, :gproc, "0.8.0", "cea02c578589c61e5341fce149ea36ccef236cc2ecac8691fba408e7ea77ec2f", [:rebar3], [], "hexpm", "580adafa56463b75263ef5a5df4c86af321f68694e7786cb057fd805d1e2a7de"},
  "inch_ex": {:hex, :inch_ex, "1.0.0", "18496a900ca4b7542a1ff1159e7f8be6c2012b74ca55ac70de5e805f14cdf939", [:mix], [{:poison, "~> 1.5 or ~> 2.0 or ~> 3.0", [hex: :poison, repo: "hexpm", optional: false]}], "hexpm", "ed88e1258b73cb22dc02d412347fd933e02368fcbcac971e79a56a4982ba1002"},
  "jason": {:hex, :jason, "1.1.2", "b03dedea67a99223a2eaf9f1264ce37154564de899fd3d8b9a21b1a6fd64afe7", [:mix], [{:decimal, "~> 1.0", [hex: :decimal, repo: "hexpm", optional: true]}], "hexpm", "fdf843bca858203ae1de16da2ee206f53416bbda5dc8c9e78f43243de4bc3afe"},
  "jsx": {:hex, :jsx, "2.11.0", "08154624050333919b4ac1b789667d5f4db166dc50e190c4d778d1587f102ee0", [:rebar3], [], "hexpm", "eed26a0d04d217f9eecefffb89714452556cf90eb38f290a27a4d45b9988f8c0"},
  "lager": {:hex, :lager, "3.8.0", "3402b9a7e473680ca179fc2f1d827cab88dd37dd1e6113090c6f45ef05228a1c", [:rebar3], [{:goldrush, "0.1.9", [hex: :goldrush, repo: "hexpm", optional: false]}], "hexpm", "f6cb541b688eab60730d8d286eb77256a5a9ad06eac10d43beaf55d07e68bbb6"},
  "makeup": {:hex, :makeup, "0.5.1", "966c5c2296da272d42f1de178c1d135e432662eca795d6dc12e5e8787514edf7", [:mix], [{:nimble_parsec, "~> 0.2.2", [hex: :nimble_parsec, repo: "hexpm", optional: false]}], "hexpm", "259748a45dfcf5f49765a7c29c9594791c82de23e22d7a3e6e59533fe8e8935b"},
  "makeup_elixir": {:hex, :makeup_elixir, "0.8.0", "1204a2f5b4f181775a0e456154830524cf2207cf4f9112215c05e0b76e4eca8b", [:mix], [{:makeup, "~> 0.5.0", [hex: :makeup, repo: "hexpm", optional: false]}, {:nimble_parsec, "~> 0.2.2", [hex: :nimble_parsec, repo: "hexpm", optional: false]}], "hexpm", "393d17c5a648e3b30522b2a4743bd1dc3533e1227c8c2823ebe8c3a8e5be5913"},
  "nimble_parsec": {:hex, :nimble_parsec, "0.2.2", "d526b23bdceb04c7ad15b33c57c4526bf5f50aaa70c7c141b4b4624555c68259", [:mix], [], "hexpm", "4ababf5c44164f161872704e1cfbecab3935fdebec66c72905abaad0e6e5cef6"},
  "poison": {:hex, :poison, "3.1.0", "d9eb636610e096f86f25d9a46f35a9facac35609a7591b3be3326e99a0484665", [:mix], [], "hexpm", "fec8660eb7733ee4117b85f55799fd3833eb769a6df71ccf8903e8dc5447cfce"},
  "rabbit_common": {:hex, :rabbit_common, "3.8.11", "26d7fffe4935c8225262ffc70a3ffb5ef7daae6e32f7e0e01d39c1b67888cb58", [:make, :rebar3], [{:credentials_obfuscation, "2.3.0", [hex: :credentials_obfuscation, repo: "hexpm", optional: false]}, {:jsx, "2.11.0", [hex: :jsx, repo: "hexpm", optional: false]}, {:lager, "3.8.0", [hex: :lager, repo: "hexpm", optional: false]}, {:recon, "2.5.1", [hex: :recon, repo: "hexpm", optional: false]}], "hexpm", "5d64288496e719e5ca1b5f7a753c592f37b3476d8398f25d894d148cfe3a5e2c"},
  "ranch": {:hex, :ranch, "1.5.0", "f04166f456790fee2ac1aa05a02745cc75783c2bfb26d39faf6aefc9a3d3a58a", [:rebar3], [], "hexpm", "86d40fc42aa47bcb6952ddf1dbfd3da04b5ba69afb65c322c99845913250b11f"},
  "ranch_proxy_protocol": {:hex, :ranch_proxy_protocol, "1.5.0", "e698aaeb590ad504b649dc0d3055abee6caf0b49d3caee1a080ae83b5b499f30", [:rebar3], [{:ranch, "1.5.0", [hex: :ranch, repo: "hexpm", optional: false]}], "hexpm", "dc64b548aa4698e5a6f33ab125f5f60f60590f63e42cf84900ef7d4e978bf970"},
  "recon": {:hex, :recon, "2.5.1", "430ffa60685ac1efdfb1fe4c97b8767c92d0d92e6e7c3e8621559ba77598678a", [:mix, :rebar3], [], "hexpm", "5721c6b6d50122d8f68cccac712caa1231f97894bab779eff5ff0f886cb44648"},
  "singleton": {:hex, :singleton, "1.2.0", "b65dcd745de10ab71d5cf149a8ddde496f33f2c401f4e0b4398dbab79a91be51", [:mix], [], "hexpm", "b8236d75de05ba8707ae8a336390fadc17eb4cfb086a6dceb5e2c06556c27e33"},
}
