%{"amqp": {:hex, :amqp, "0.2.0-pre.2", "01863a61a5db3a370a5d1668e4730669962f204de19f6e915a07550f16c3d3f9", [:mix], [{:amqp_client, "~> 3.6.7-pre.1", [hex: :amqp_client, optional: false]}, {:rabbit_common, "~> 3.6.7-pre.1", [hex: :rabbit_common, optional: false]}]},
  "amqp_client": {:hex, :amqp_client, "3.6.8", "0388e50af78285f370f0b346cd487c96dcf82c66f2196913073ee4d909808c89", [:make, :rebar3], [{:rabbit_common, "3.6.8", [hex: :rabbit_common, optional: false]}]},
  "decorator": {:hex, :decorator, "1.1.0", "3832dff8285a97f28e9c7923ef8d28c24495522ced97f9f1ba2e314fc8f65425", [:mix], []},
  "earmark": {:hex, :earmark, "1.0.2", "a0b0904d74ecc14da8bd2e6e0248e1a409a2bc91aade75fcf428125603de3853", [:mix], []},
  "ex_doc": {:hex, :ex_doc, "0.14.3", "e61cec6cf9731d7d23d254266ab06ac1decbb7651c3d1568402ec535d387b6f7", [:mix], [{:earmark, "~> 1.0", [hex: :earmark, optional: false]}]},
  "gproc": {:hex, :gproc, "0.6.1", "4579663e5677970758a05d8f65d13c3e9814ec707ad51d8dcef7294eda1a730c", [:rebar3], []},
  "jsx": {:hex, :jsx, "2.8.1", "1453b4eb3615acb3e2cd0a105d27e6761e2ed2e501ac0b390f5bbec497669846", [:mix, :rebar3], []},
  "poison": {:hex, :poison, "2.2.0", "4763b69a8a77bd77d26f477d196428b741261a761257ff1cf92753a0d4d24a63", [:mix], []},
  "rabbit_common": {:hex, :rabbit_common, "3.6.8", "43bae839233d6ecdf8a06c1af3a985cfdb5d76232ec6e1cbe7d0469c4e5f03f5", [:make, :rebar3], []},
  "singleton": {:hex, :singleton, "1.1.1", "afeffb623b50297d5b4c03b989fcae61b4cad6feaf81ca957881849a8de47eb4", [:mix], []}}
